// !$*UTF8*$!
{
	archiveVersion = 1;
	classes = {
	};
	objectVersion = 50;
	objects = {

/* Begin PBXBuildFile section */
		09ACDC18260921C5009DC664 /* dad.cpp in Sources */ = {isa = PBXBuildFile; fileRef = 09ACDC17260921C5009DC664 /* dad.cpp */; };
		09ACDC35260924AD009DC664 /* child.cpp in Sources */ = {isa = PBXBuildFile; fileRef = 09ACDC20260923AF009DC664 /* child.cpp */; };
/* End PBXBuildFile section */

/* Begin PBXCopyFilesBuildPhase section */
		09ACDC12260921C5009DC664 /* CopyFiles */ = {
			isa = PBXCopyFilesBuildPhase;
			buildActionMask = 2147483647;
			dstPath = /usr/share/man/man1/;
			dstSubfolderSpec = 0;
			files = (
			);
			runOnlyForDeploymentPostprocessing = 1;
		};
		09ACDC26260923DF009DC664 /* CopyFiles */ = {
			isa = PBXCopyFilesBuildPhase;
			buildActionMask = 2147483647;
			dstPath = /usr/share/man/man1/;
			dstSubfolderSpec = 0;
			files = (
			);
			runOnlyForDeploymentPostprocessing = 1;
		};
/* End PBXCopyFilesBuildPhase section */

/* Begin PBXFileReference section */
		09ACDC14260921C5009DC664 /* Dad */ = {isa = PBXFileReference; explicitFileType = "compiled.mach-o.executable"; includeInIndex = 0; path = Dad; sourceTree = BUILT_PRODUCTS_DIR; };
		09ACDC17260921C5009DC664 /* dad.cpp */ = {isa = PBXFileReference; lastKnownFileType = sourcecode.cpp.cpp; path = dad.cpp; sourceTree = "<group>"; };
		09ACDC20260923AF009DC664 /* child.cpp */ = {isa = PBXFileReference; lastKnownFileType = sourcecode.cpp.cpp; path = child.cpp; sourceTree = "<group>"; };
		09ACDC28260923DF009DC664 /* child */ = {isa = PBXFileReference; explicitFileType = "compiled.mach-o.executable"; includeInIndex = 0; path = child; sourceTree = BUILT_PRODUCTS_DIR; };
/* End PBXFileReference section */

/* Begin PBXFrameworksBuildPhase section */
		09ACDC11260921C5009DC664 /* Frameworks */ = {
			isa = PBXFrameworksBuildPhase;
			buildActionMask = 2147483647;
			files = (
			);
			runOnlyForDeploymentPostprocessing = 0;
		};
		09ACDC25260923DF009DC664 /* Frameworks */ = {
			isa = PBXFrameworksBuildPhase;
			buildActionMask = 2147483647;
			files = (
			);
			runOnlyForDeploymentPostprocessing = 0;
		};
/* End PBXFrameworksBuildPhase section */

/* Begin PBXGroup section */
		09ACDC0B260921C5009DC664 = {
			isa = PBXGroup;
			children = (
				09ACDC1F26092397009DC664 /* Child */,
				09ACDC16260921C5009DC664 /* Dad */,
				09ACDC15260921C5009DC664 /* Products */,
			);
			sourceTree = "<group>";
		};
		09ACDC15260921C5009DC664 /* Products */ = {
			isa = PBXGroup;
			children = (
				09ACDC14260921C5009DC664 /* Dad */,
				09ACDC28260923DF009DC664 /* child */,
			);
			name = Products;
			sourceTree = "<group>";
		};
		09ACDC16260921C5009DC664 /* Dad */ = {
			isa = PBXGroup;
			children = (
				09ACDC17260921C5009DC664 /* dad.cpp */,
			);
			path = Dad;
			sourceTree = "<group>";
		};
		09ACDC1F26092397009DC664 /* Child */ = {
			isa = PBXGroup;
			children = (
				09ACDC20260923AF009DC664 /* child.cpp */,
			);
			path = Child;
			sourceTree = "<group>";
		};
/* End PBXGroup section */

/* Begin PBXNativeTarget section */
		09ACDC13260921C5009DC664 /* Dad */ = {
			isa = PBXNativeTarget;
			buildConfigurationList = 09ACDC1B260921C5009DC664 /* Build configuration list for PBXNativeTarget "Dad" */;
			buildPhases = (
				09ACDC10260921C5009DC664 /* Sources */,
				09ACDC11260921C5009DC664 /* Frameworks */,
				09ACDC12260921C5009DC664 /* CopyFiles */,
			);
			buildRules = (
			);
			dependencies = (
			);
			name = Dad;
			productName = LabWork_4;
			productReference = 09ACDC14260921C5009DC664 /* Dad */;
			productType = "com.apple.product-type.tool";
		};
		09ACDC27260923DF009DC664 /* child */ = {
			isa = PBXNativeTarget;
			buildConfigurationList = 09ACDC2C260923DF009DC664 /* Build configuration list for PBXNativeTarget "child" */;
			buildPhases = (
				09ACDC24260923DF009DC664 /* Sources */,
				09ACDC25260923DF009DC664 /* Frameworks */,
				09ACDC26260923DF009DC664 /* CopyFiles */,
			);
			buildRules = (
			);
			dependencies = (
			);
			name = child;
			productName = child;
			productReference = 09ACDC28260923DF009DC664 /* child */;
			productType = "com.apple.product-type.tool";
		};
/* End PBXNativeTarget section */

/* Begin PBXProject section */
		09ACDC0C260921C5009DC664 /* Project object */ = {
			isa = PBXProject;
			attributes = {
				LastUpgradeCheck = 1240;
				TargetAttributes = {
					09ACDC13260921C5009DC664 = {
						CreatedOnToolsVersion = 12.4;
					};
					09ACDC27260923DF009DC664 = {
						CreatedOnToolsVersion = 12.4;
					};
				};
			};
			buildConfigurationList = 09ACDC0F260921C5009DC664 /* Build configuration list for PBXProject "LabWork_4" */;
			compatibilityVersion = "Xcode 9.3";
			developmentRegion = en;
			hasScannedForEncodings = 0;
			knownRegions = (
				en,
				Base,
			);
			mainGroup = 09ACDC0B260921C5009DC664;
			productRefGroup = 09ACDC15260921C5009DC664 /* Products */;
			projectDirPath = "";
			projectRoot = "";
			targets = (
				09ACDC13260921C5009DC664 /* Dad */,
				09ACDC27260923DF009DC664 /* child */,
			);
		};
/* End PBXProject section */

/* Begin PBXSourcesBuildPhase section */
		09ACDC10260921C5009DC664 /* Sources */ = {
			isa = PBXSourcesBuildPhase;
			buildActionMask = 2147483647;
			files = (
				09ACDC18260921C5009DC664 /* dad.cpp in Sources */,
			);
			runOnlyForDeploymentPostprocessing = 0;
		};
		09ACDC24260923DF009DC664 /* Sources */ = {
			isa = PBXSourcesBuildPhase;
			buildActionMask = 2147483647;
			files = (
				09ACDC35260924AD009DC664 /* child.cpp in Sources */,
			);
			runOnlyForDeploymentPostprocessing = 0;
		};
/* End PBXSourcesBuildPhase section */

/* Begin XCBuildConfiguration section */
		09ACDC19260921C5009DC664 /* Debug */ = {
			isa = XCBuildConfiguration;
			buildSettings = {
				ALWAYS_SEARCH_USER_PATHS = NO;
				CLANG_ANALYZER_NONNULL = YES;
				CLANG_ANALYZER_NUMBER_OBJECT_CONVERSION = YES_AGGRESSIVE;
				CLANG_CXX_LANGUAGE_STANDARD = "gnu++14";
				CLANG_CXX_LIBRARY = "libc++";
				CLANG_ENABLE_MODULES = YES;
				CLANG_ENABLE_OBJC_ARC = YES;
				CLANG_ENABLE_OBJC_WEAK = YES;
				CLANG_WARN_BLOCK_CAPTURE_AUTORELEASING = YES;
				CLANG_WARN_BOOL_CONVERSION = YES;
				CLANG_WARN_COMMA = YES;
				CLANG_WARN_CONSTANT_CONVERSION = YES;
				CLANG_WARN_DEPRECATED_OBJC_IMPLEMENTATIONS = YES;
				CLANG_WARN_DIRECT_OBJC_ISA_USAGE = YES_ERROR;
				CLANG_WARN_DOCUMENTATION_COMMENTS = YES;
				CLANG_WARN_EMPTY_BODY = YES;
				CLANG_WARN_ENUM_CONVERSION = YES;
				CLANG_WARN_INFINITE_RECURSION = YES;
				CLANG_WARN_INT_CONVERSION = YES;
				CLANG_WARN_NON_LITERAL_NULL_CONVERSION = YES;
				CLANG_WARN_OBJC_IMPLICIT_RETAIN_SELF = YES;
				CLANG_WARN_OBJC_LITERAL_CONVERSION = YES;
				CLANG_WARN_OBJC_ROOT_CLASS = YES_ERROR;
				CLANG_WARN_QUOTED_INCLUDE_IN_FRAMEWORK_HEADER = YES;
				CLANG_WARN_RANGE_LOOP_ANALYSIS = YES;
				CLANG_WARN_STRICT_PROTOTYPES = YES;
				CLANG_WARN_SUSPICIOUS_MOVE = YES;
				CLANG_WARN_UNGUARDED_AVAILABILITY = YES_AGGRESSIVE;
				CLANG_WARN_UNREACHABLE_CODE = YES;
				CLANG_WARN__DUPLICATE_METHOD_MATCH = YES;
				COPY_PHASE_STRIP = NO;
				DEBUG_INFORMATION_FORMAT = dwarf;
				ENABLE_STRICT_OBJC_MSGSEND = YES;
				ENABLE_TESTABILITY = YES;
				GCC_C_LANGUAGE_STANDARD = gnu11;
				GCC_DYNAMIC_NO_PIC = NO;
				GCC_NO_COMMON_BLOCKS = YES;
				GCC_OPTIMIZATION_LEVEL = 0;
				GCC_PREPROCESSOR_DEFINITIONS = (
					"DEBUG=1",
					"$(inherited)",
				);
				GCC_WARN_64_TO_32_BIT_CONVERSION = YES;
				GCC_WARN_ABOUT_RETURN_TYPE = YES_ERROR;
				GCC_WARN_UNDECLARED_SELECTOR = YES;
				GCC_WARN_UNINITIALIZED_AUTOS = YES_AGGRESSIVE;
				GCC_WARN_UNUSED_FUNCTION = YES;
				GCC_WARN_UNUSED_VARIABLE = YES;
				MACOSX_DEPLOYMENT_TARGET = 11.1;
				MTL_ENABLE_DEBUG_INFO = INCLUDE_SOURCE;
				MTL_FAST_MATH = YES;
				ONLY_ACTIVE_ARCH = YES;
				SDKROOT = macosx;
			};
			name = Debug;
		};
		09ACDC1A260921C5009DC664 /* Release */ = {
			isa = XCBuildConfiguration;
			buildSettings = {
				ALWAYS_SEARCH_USER_PATHS = NO;
				CLANG_ANALYZER_NONNULL = YES;
				CLANG_ANALYZER_NUMBER_OBJECT_CONVERSION = YES_AGGRESSIVE;
				CLANG_CXX_LANGUAGE_STANDARD = "gnu++14";
				CLANG_CXX_LIBRARY = "libc++";
				CLANG_ENABLE_MODULES = YES;
				CLANG_ENABLE_OBJC_ARC = YES;
				CLANG_ENABLE_OBJC_WEAK = YES;
				CLANG_WARN_BLOCK_CAPTURE_AUTORELEASING = YES;
				CLANG_WARN_BOOL_CONVERSION = YES;
				CLANG_WARN_COMMA = YES;
				CLANG_WARN_CONSTANT_CONVERSION = YES;
				CLANG_WARN_DEPRECATED_OBJC_IMPLEMENTATIONS = YES;
				CLANG_WARN_DIRECT_OBJC_ISA_USAGE = YES_ERROR;
				CLANG_WARN_DOCUMENTATION_COMMENTS = YES;
				CLANG_WARN_EMPTY_BODY = YES;
				CLANG_WARN_ENUM_CONVERSION = YES;
				CLANG_WARN_INFINITE_RECURSION = YES;
				CLANG_WARN_INT_CONVERSION = YES;
				CLANG_WARN_NON_LITERAL_NULL_CONVERSION = YES;
				CLANG_WARN_OBJC_IMPLICIT_RETAIN_SELF = YES;
				CLANG_WARN_OBJC_LITERAL_CONVERSION = YES;
				CLANG_WARN_OBJC_ROOT_CLASS = YES_ERROR;
				CLANG_WARN_QUOTED_INCLUDE_IN_FRAMEWORK_HEADER = YES;
				CLANG_WARN_RANGE_LOOP_ANALYSIS = YES;
				CLANG_WARN_STRICT_PROTOTYPES = YES;
				CLANG_WARN_SUSPICIOUS_MOVE = YES;
				CLANG_WARN_UNGUARDED_AVAILABILITY = YES_AGGRESSIVE;
				CLANG_WARN_UNREACHABLE_CODE = YES;
				CLANG_WARN__DUPLICATE_METHOD_MATCH = YES;
				COPY_PHASE_STRIP = NO;
				DEBUG_INFORMATION_FORMAT = "dwarf-with-dsym";
				ENABLE_NS_ASSERTIONS = NO;
				ENABLE_STRICT_OBJC_MSGSEND = YES;
				GCC_C_LANGUAGE_STANDARD = gnu11;
				GCC_NO_COMMON_BLOCKS = YES;
				GCC_WARN_64_TO_32_BIT_CONVERSION = YES;
				GCC_WARN_ABOUT_RETURN_TYPE = YES_ERROR;
				GCC_WARN_UNDECLARED_SELECTOR = YES;
				GCC_WARN_UNINITIALIZED_AUTOS = YES_AGGRESSIVE;
				GCC_WARN_UNUSED_FUNCTION = YES;
				GCC_WARN_UNUSED_VARIABLE = YES;
				MACOSX_DEPLOYMENT_TARGET = 11.1;
				MTL_ENABLE_DEBUG_INFO = NO;
				MTL_FAST_MATH = YES;
				SDKROOT = macosx;
			};
			name = Release;
		};
		09ACDC1C260921C5009DC664 /* Debug */ = {
			isa = XCBuildConfiguration;
			buildSettings = {
				CODE_SIGN_STYLE = Automatic;
				DEVELOPMENT_TEAM = AZTJN33W28;
				ENABLE_HARDENED_RUNTIME = YES;
				PRODUCT_NAME = "$(TARGET_NAME)";
			};
			name = Debug;
		};
		09ACDC1D260921C5009DC664 /* Release */ = {
			isa = XCBuildConfiguration;
			buildSettings = {
				CODE_SIGN_STYLE = Automatic;
				DEVELOPMENT_TEAM = AZTJN33W28;
				ENABLE_HARDENED_RUNTIME = YES;
				PRODUCT_NAME = "$(TARGET_NAME)";
			};
			name = Release;
		};
		09ACDC2D260923DF009DC664 /* Debug */ = {
			isa = XCBuildConfiguration;
			buildSettings = {
				CODE_SIGN_STYLE = Automatic;
				DEVELOPMENT_TEAM = AZTJN33W28;
				ENABLE_HARDENED_RUNTIME = YES;
				PRODUCT_NAME = "$(TARGET_NAME)";
			};
			name = Debug;
		};
		09ACDC2E260923DF009DC664 /* Release */ = {
			isa = XCBuildConfiguration;
			buildSettings = {
				CODE_SIGN_STYLE = Automatic;
				DEVELOPMENT_TEAM = AZTJN33W28;
				ENABLE_HARDENED_RUNTIME = YES;
				PRODUCT_NAME = "$(TARGET_NAME)";
			};
			name = Release;
		};
/* End XCBuildConfiguration section */

/* Begin XCConfigurationList section */
		09ACDC0F260921C5009DC664 /* Build configuration list for PBXProject "LabWork_4" */ = {
			isa = XCConfigurationList;
			buildConfigurations = (
				09ACDC19260921C5009DC664 /* Debug */,
				09ACDC1A260921C5009DC664 /* Release */,
			);
			defaultConfigurationIsVisible = 0;
			defaultConfigurationName = Release;
		};
		09ACDC1B260921C5009DC664 /* Build configuration list for PBXNativeTarget "Dad" */ = {
			isa = XCConfigurationList;
			buildConfigurations = (
				09ACDC1C260921C5009DC664 /* Debug */,
				09ACDC1D260921C5009DC664 /* Release */,
			);
			defaultConfigurationIsVisible = 0;
			defaultConfigurationName = Release;
		};
		09ACDC2C260923DF009DC664 /* Build configuration list for PBXNativeTarget "child" */ = {
			isa = XCConfigurationList;
			buildConfigurations = (
				09ACDC2D260923DF009DC664 /* Debug */,
				09ACDC2E260923DF009DC664 /* Release */,
			);
			defaultConfigurationIsVisible = 0;
			defaultConfigurationName = Release;
		};
/* End XCConfigurationList section */
	};
	rootObject = 09ACDC0C260921C5009DC664 /* Project object */;
}
